
Microsoft Visual Studio Solution File, Format Version 12.00
# Visual Studio Version 17
VisualStudioVersion = 17.13.35919.96 d17.13
MinimumVisualStudioVersion = 10.0.40219.1
Project("{FAE04EC0-301F-11D3-BF4B-00C04F79EFBC}") = "Random Password Generator", "Random Password Generator.csproj", "{C77337DC-667E-4E8E-91FF-481B6D50F135}"
EndProject
Global
	GlobalSection(SolutionConfigurationPlatforms) = preSolution
		Debug|Any CPU = Debug|Any CPU
		Release|Any CPU = Release|Any CPU
	EndGlobalSection
	GlobalSection(ProjectConfigurationPlatforms) = postSolution
		{C77337DC-667E-4E8E-91FF-481B6D50F135}.Debug|Any CPU.ActiveCfg = Debug|Any CPU
		{C77337DC-667E-4E8E-91FF-481B6D50F135}.Debug|Any CPU.Build.0 = Debug|Any CPU
		{C77337DC-667E-4E8E-91FF-481B6D50F135}.Release|Any CPU.ActiveCfg = Release|Any CPU
		{C77337DC-667E-4E8E-91FF-481B6D50F135}.Release|Any CPU.Build.0 = Release|Any CPU
	EndGlobalSection
	GlobalSection(SolutionProperties) = preSolution
		HideSolutionNode = FALSE
	EndGlobalSection
	GlobalSection(ExtensibilityGlobals) = postSolution
		SolutionGuid = {97246759-E72C-4171-A0DF-69CFCFDD0A55}
	EndGlobalSection
EndGlobal
